
Microsoft Visual Studio Solution File, Format Version 12.00
# Visual Studio 15
VisualStudioVersion = 15.0.28307.1340
MinimumVisualStudioVersion = 10.0.40219.1
Project("{FAE04EC0-301F-11D3-BF4B-00C04F79EFBC}") = "ProyectoFinal_RentCar", "ProyectoFinal_RentCar\ProyectoFinal_RentCar.csproj", "{2EF11DF5-2E61-475E-960D-B0B8917DA94E}"
EndProject
Global
	GlobalSection(SolutionConfigurationPlatforms) = preSolution
		Debug|Any CPU = Debug|Any CPU
		Release|Any CPU = Release|Any CPU
	EndGlobalSection
	GlobalSection(ProjectConfigurationPlatforms) = postSolution
		{2EF11DF5-2E61-475E-960D-B0B8917DA94E}.Debug|Any CPU.ActiveCfg = Debug|Any CPU
		{2EF11DF5-2E61-475E-960D-B0B8917DA94E}.Debug|Any CPU.Build.0 = Debug|Any CPU
		{2EF11DF5-2E61-475E-960D-B0B8917DA94E}.Release|Any CPU.ActiveCfg = Release|Any CPU
		{2EF11DF5-2E61-475E-960D-B0B8917DA94E}.Release|Any CPU.Build.0 = Release|Any CPU
	EndGlobalSection
	GlobalSection(SolutionProperties) = preSolution
		HideSolutionNode = FALSE
	EndGlobalSection
	GlobalSection(ExtensibilityGlobals) = postSolution
		SolutionGuid = {EEAC35FD-E42D-47B6-9754-6533FFED6BF6}
	EndGlobalSection
EndGlobal
